
Microsoft Visual Studio Solution File, Format Version 12.00
# Visual Studio Version 17
VisualStudioVersion = 17.3.32929.385
MinimumVisualStudioVersion = 10.0.40219.1
Project("{FAE04EC0-301F-11D3-BF4B-00C04F79EFBC}") = "LabWork10", "LabWork10\LabWork10.csproj", "{229C2749-D3C1-4E0A-A14E-6B2C9DC0D0E8}"
EndProject
Global
	GlobalSection(SolutionConfigurationPlatforms) = preSolution
		Debug|Any CPU = Debug|Any CPU
		Release|Any CPU = Release|Any CPU
	EndGlobalSection
	GlobalSection(ProjectConfigurationPlatforms) = postSolution
		{229C2749-D3C1-4E0A-A14E-6B2C9DC0D0E8}.Debug|Any CPU.ActiveCfg = Debug|Any CPU
		{229C2749-D3C1-4E0A-A14E-6B2C9DC0D0E8}.Debug|Any CPU.Build.0 = Debug|Any CPU
		{229C2749-D3C1-4E0A-A14E-6B2C9DC0D0E8}.Release|Any CPU.ActiveCfg = Release|Any CPU
		{229C2749-D3C1-4E0A-A14E-6B2C9DC0D0E8}.Release|Any CPU.Build.0 = Release|Any CPU
	EndGlobalSection
	GlobalSection(SolutionProperties) = preSolution
		HideSolutionNode = FALSE
	EndGlobalSection
	GlobalSection(ExtensibilityGlobals) = postSolution
		SolutionGuid = {8A603A0E-A319-482D-BFA1-DAC09086B0DC}
	EndGlobalSection
EndGlobal
